
Microsoft Visual Studio Solution File, Format Version 12.00
# Visual Studio Version 16
VisualStudioVersion = 16.0.30717.126
MinimumVisualStudioVersion = 10.0.40219.1
Project("{FAE04EC0-301F-11D3-BF4B-00C04F79EFBC}") = "Mahjong.Droid", "Mahjong.Droid\Mahjong.Droid.csproj", "{5964BB07-464E-4EE2-99DA-B08DC5295228}"
EndProject
Project("{9A19103F-16F7-4668-BE54-9A1E7A4F7556}") = "Mahjong.Tests", "Mahjong.Tests\Mahjong.Tests.csproj", "{FAB06C02-4C01-4F36-9A50-B0EC54A64DC5}"
EndProject
Project("{9A19103F-16F7-4668-BE54-9A1E7A4F7556}") = "Mahjong.Core", "Mahjong.Core\Mahjong.Core.csproj", "{445C9815-F226-422C-9A94-204751DB5E22}"
EndProject
Global
	GlobalSection(SolutionConfigurationPlatforms) = preSolution
		Debug|Any CPU = Debug|Any CPU
		Debug|x64 = Debug|x64
		Debug|x86 = Debug|x86
		Release|Any CPU = Release|Any CPU
		Release|x64 = Release|x64
		Release|x86 = Release|x86
	EndGlobalSection
	GlobalSection(ProjectConfigurationPlatforms) = postSolution
		{5964BB07-464E-4EE2-99DA-B08DC5295228}.Debug|Any CPU.ActiveCfg = Debug|Any CPU
		{5964BB07-464E-4EE2-99DA-B08DC5295228}.Debug|Any CPU.Build.0 = Debug|Any CPU
		{5964BB07-464E-4EE2-99DA-B08DC5295228}.Debug|Any CPU.Deploy.0 = Debug|Any CPU
		{5964BB07-464E-4EE2-99DA-B08DC5295228}.Debug|x64.ActiveCfg = Debug|x64
		{5964BB07-464E-4EE2-99DA-B08DC5295228}.Debug|x64.Build.0 = Debug|x64
		{5964BB07-464E-4EE2-99DA-B08DC5295228}.Debug|x64.Deploy.0 = Debug|x64
		{5964BB07-464E-4EE2-99DA-B08DC5295228}.Debug|x86.ActiveCfg = Debug|x86
		{5964BB07-464E-4EE2-99DA-B08DC5295228}.Debug|x86.Build.0 = Debug|x86
		{5964BB07-464E-4EE2-99DA-B08DC5295228}.Debug|x86.Deploy.0 = Debug|x86
		{5964BB07-464E-4EE2-99DA-B08DC5295228}.Release|Any CPU.ActiveCfg = Debug|x86
		{5964BB07-464E-4EE2-99DA-B08DC5295228}.Release|Any CPU.Build.0 = Debug|x86
		{5964BB07-464E-4EE2-99DA-B08DC5295228}.Release|Any CPU.Deploy.0 = Debug|x86
		{5964BB07-464E-4EE2-99DA-B08DC5295228}.Release|x64.ActiveCfg = Release|x64
		{5964BB07-464E-4EE2-99DA-B08DC5295228}.Release|x64.Build.0 = Release|x64
		{5964BB07-464E-4EE2-99DA-B08DC5295228}.Release|x64.Deploy.0 = Release|x64
		{5964BB07-464E-4EE2-99DA-B08DC5295228}.Release|x86.ActiveCfg = Release|x86
		{5964BB07-464E-4EE2-99DA-B08DC5295228}.Release|x86.Build.0 = Release|x86
		{5964BB07-464E-4EE2-99DA-B08DC5295228}.Release|x86.Deploy.0 = Release|x86
		{FAB06C02-4C01-4F36-9A50-B0EC54A64DC5}.Debug|Any CPU.ActiveCfg = Debug|Any CPU
		{FAB06C02-4C01-4F36-9A50-B0EC54A64DC5}.Debug|Any CPU.Build.0 = Debug|Any CPU
		{FAB06C02-4C01-4F36-9A50-B0EC54A64DC5}.Debug|x64.ActiveCfg = Debug|x64
		{FAB06C02-4C01-4F36-9A50-B0EC54A64DC5}.Debug|x64.Build.0 = Debug|x64
		{FAB06C02-4C01-4F36-9A50-B0EC54A64DC5}.Debug|x86.ActiveCfg = Debug|x64
		{FAB06C02-4C01-4F36-9A50-B0EC54A64DC5}.Debug|x86.Build.0 = Debug|x64
		{FAB06C02-4C01-4F36-9A50-B0EC54A64DC5}.Release|Any CPU.ActiveCfg = Release|Any CPU
		{FAB06C02-4C01-4F36-9A50-B0EC54A64DC5}.Release|Any CPU.Build.0 = Release|Any CPU
		{FAB06C02-4C01-4F36-9A50-B0EC54A64DC5}.Release|x64.ActiveCfg = Release|x64
		{FAB06C02-4C01-4F36-9A50-B0EC54A64DC5}.Release|x64.Build.0 = Release|x64
		{FAB06C02-4C01-4F36-9A50-B0EC54A64DC5}.Release|x86.ActiveCfg = Release|x86
		{FAB06C02-4C01-4F36-9A50-B0EC54A64DC5}.Release|x86.Build.0 = Release|x86
		{445C9815-F226-422C-9A94-204751DB5E22}.Debug|Any CPU.ActiveCfg = Debug|Any CPU
		{445C9815-F226-422C-9A94-204751DB5E22}.Debug|Any CPU.Build.0 = Debug|Any CPU
		{445C9815-F226-422C-9A94-204751DB5E22}.Debug|x64.ActiveCfg = Debug|x64
		{445C9815-F226-422C-9A94-204751DB5E22}.Debug|x64.Build.0 = Debug|x64
		{445C9815-F226-422C-9A94-204751DB5E22}.Debug|x86.ActiveCfg = Debug|x64
		{445C9815-F226-422C-9A94-204751DB5E22}.Debug|x86.Build.0 = Debug|x64
		{445C9815-F226-422C-9A94-204751DB5E22}.Release|Any CPU.ActiveCfg = Release|Any CPU
		{445C9815-F226-422C-9A94-204751DB5E22}.Release|Any CPU.Build.0 = Release|Any CPU
		{445C9815-F226-422C-9A94-204751DB5E22}.Release|x64.ActiveCfg = Release|x64
		{445C9815-F226-422C-9A94-204751DB5E22}.Release|x64.Build.0 = Release|x64
		{445C9815-F226-422C-9A94-204751DB5E22}.Release|x86.ActiveCfg = Release|x86
		{445C9815-F226-422C-9A94-204751DB5E22}.Release|x86.Build.0 = Release|x86
	EndGlobalSection
	GlobalSection(SolutionProperties) = preSolution
		HideSolutionNode = FALSE
	EndGlobalSection
	GlobalSection(ExtensibilityGlobals) = postSolution
		SolutionGuid = {7097D04B-D873-4CCC-824F-9DC925E8EEA7}
	EndGlobalSection
EndGlobal
